
Microsoft Visual Studio Solution File, Format Version 12.00
# Visual Studio 15
VisualStudioVersion = 15.0.28010.2003
MinimumVisualStudioVersion = 10.0.40219.1
Project("{FAE04EC0-301F-11D3-BF4B-00C04F79EFBC}") = "EjerciciosCSharp3", "EjerciciosCSharp3\EjerciciosCSharp3.csproj", "{9B0BA287-60B7-4D82-BDC5-65EE4377E2F5}"
EndProject
Global
	GlobalSection(SolutionConfigurationPlatforms) = preSolution
		Debug|Any CPU = Debug|Any CPU
		Release|Any CPU = Release|Any CPU
	EndGlobalSection
	GlobalSection(ProjectConfigurationPlatforms) = postSolution
		{9B0BA287-60B7-4D82-BDC5-65EE4377E2F5}.Debug|Any CPU.ActiveCfg = Debug|Any CPU
		{9B0BA287-60B7-4D82-BDC5-65EE4377E2F5}.Debug|Any CPU.Build.0 = Debug|Any CPU
		{9B0BA287-60B7-4D82-BDC5-65EE4377E2F5}.Release|Any CPU.ActiveCfg = Release|Any CPU
		{9B0BA287-60B7-4D82-BDC5-65EE4377E2F5}.Release|Any CPU.Build.0 = Release|Any CPU
	EndGlobalSection
	GlobalSection(SolutionProperties) = preSolution
		HideSolutionNode = FALSE
	EndGlobalSection
	GlobalSection(ExtensibilityGlobals) = postSolution
		SolutionGuid = {44BA171D-AF3F-462C-BA29-CBB5E1B24CEA}
	EndGlobalSection
EndGlobal
